// !$*UTF8*$!
{
	archiveVersion = 1;
	classes = {
	};
	objectVersion = 70;
	objects = {

/* Begin PBXBuildFile section */
		11B253772DD1FE3D0047BEFA /* Dictionary+Extensions.swift in Sources */ = {isa = PBXBuildFile; fileRef = 11B253762DD1FE330047BEFA /* Dictionary+Extensions.swift */; };
		1868F2F72D683C7C0092118F /* LogManager.swift in Sources */ = {isa = PBXBuildFile; fileRef = 1868F2F62D683C7C0092118F /* LogManager.swift */; };
		1895BED02D796F0B005CFAB3 /* ProgressHUD in Frameworks */ = {isa = PBXBuildFile; productRef = 1895BECF2D796F0B005CFAB3 /* ProgressHUD */; };
		1895BEE22D7C0C20005CFAB3 /* MissingDatesModel.swift in Sources */ = {isa = PBXBuildFile; fileRef = 1895BEE12D7C0C20005CFAB3 /* MissingDatesModel.swift */; };
		18C7BBAF2D1D08F400E37AE4 /* RestingEnergyManager.swift in Sources */ = {isa = PBXBuildFile; fileRef = 18C7BBAE2D1D08F400E37AE4 /* RestingEnergyManager.swift */; };
		18C7BBB12D1D091E00E37AE4 /* RestingEnergyModel.swift in Sources */ = {isa = PBXBuildFile; fileRef = 18C7BBB02D1D091E00E37AE4 /* RestingEnergyModel.swift */; };
		18D1DB072D4800910073B7D3 /* MissingHealthDataModel.swift in Sources */ = {isa = PBXBuildFile; fileRef = 18D1DB062D4800910073B7D3 /* MissingHealthDataModel.swift */; };
		18D1DB092D4800E30073B7D3 /* helperFunction.swift in Sources */ = {isa = PBXBuildFile; fileRef = 18D1DB082D4800E30073B7D3 /* helperFunction.swift */; };
		18D2AB9E2D489E5900B57774 /* Array Extension.swift in Sources */ = {isa = PBXBuildFile; fileRef = 18D2AB9D2D489E5900B57774 /* Array Extension.swift */; };
		34057F1E2CA1226D004513D3 /* SendOTPModel.swift in Sources */ = {isa = PBXBuildFile; fileRef = 34057F1D2CA1226D004513D3 /* SendOTPModel.swift */; };
		34057F202CA13336004513D3 /* VerifyOTPModel.swift in Sources */ = {isa = PBXBuildFile; fileRef = 34057F1F2CA13336004513D3 /* VerifyOTPModel.swift */; };
		340A44D72C9809B000CA3E23 /* AppDelegate.swift in Sources */ = {isa = PBXBuildFile; fileRef = 340A44D62C9809B000CA3E23 /* AppDelegate.swift */; };
		340A44D92C9809B000CA3E23 /* SceneDelegate.swift in Sources */ = {isa = PBXBuildFile; fileRef = 340A44D82C9809B000CA3E23 /* SceneDelegate.swift */; };
		340A44DB2C9809B000CA3E23 /* LoginPageVC.swift in Sources */ = {isa = PBXBuildFile; fileRef = 340A44DA2C9809B000CA3E23 /* LoginPageVC.swift */; };
		340A44DE2C9809B000CA3E23 /* Main.storyboard in Resources */ = {isa = PBXBuildFile; fileRef = 340A44DC2C9809B000CA3E23 /* Main.storyboard */; };
		340A44E02C9809B100CA3E23 /* Assets.xcassets in Resources */ = {isa = PBXBuildFile; fileRef = 340A44DF2C9809B100CA3E23 /* Assets.xcassets */; };
		340A44E32C9809B100CA3E23 /* LaunchScreen.storyboard in Resources */ = {isa = PBXBuildFile; fileRef = 340A44E12C9809B100CA3E23 /* LaunchScreen.storyboard */; };
		340A44F02C98112900CA3E23 /* RegisterPageVC.swift in Sources */ = {isa = PBXBuildFile; fileRef = 340A44EF2C98112900CA3E23 /* RegisterPageVC.swift */; };
		340A44F42C9813F600CA3E23 /* UITextField+Extensions.swift in Sources */ = {isa = PBXBuildFile; fileRef = 340A44F32C9813F600CA3E23 /* UITextField+Extensions.swift */; };
		340AB68E2C9BE5CC001CDFD2 /* SurveyQuizVC.swift in Sources */ = {isa = PBXBuildFile; fileRef = 340AB68D2C9BE5CC001CDFD2 /* SurveyQuizVC.swift */; };
		340AB6912C9BF506001CDFD2 /* Constant.swift in Sources */ = {isa = PBXBuildFile; fileRef = 340AB6902C9BF506001CDFD2 /* Constant.swift */; };
		340AB6952C9BF68A001CDFD2 /* RegisterModel.swift in Sources */ = {isa = PBXBuildFile; fileRef = 340AB6942C9BF68A001CDFD2 /* RegisterModel.swift */; };
		340AB6982C9BF78C001CDFD2 /* APIManager.swift in Sources */ = {isa = PBXBuildFile; fileRef = 340AB6972C9BF78C001CDFD2 /* APIManager.swift */; };
		340AB69E2C9C083F001CDFD2 /* UIColor.swift in Sources */ = {isa = PBXBuildFile; fileRef = 340AB69D2C9C083F001CDFD2 /* UIColor.swift */; };
		340AB6A02C9C2B70001CDFD2 /* NextSurveyVC.swift in Sources */ = {isa = PBXBuildFile; fileRef = 340AB69F2C9C2B70001CDFD2 /* NextSurveyVC.swift */; };
		340AB6A32C9C52E2001CDFD2 /* LogInModel.swift in Sources */ = {isa = PBXBuildFile; fileRef = 340AB6A22C9C52E2001CDFD2 /* LogInModel.swift */; };
		341BF5EA2C9A8F1F00B1103E /* UIView+Extensions..swift in Sources */ = {isa = PBXBuildFile; fileRef = 341BF5E92C9A8F1F00B1103E /* UIView+Extensions..swift */; };
		341BF5EE2C9A8FAF00B1103E /* Validator.swift in Sources */ = {isa = PBXBuildFile; fileRef = 341BF5ED2C9A8FAF00B1103E /* Validator.swift */; };
		345149042CAAD36B00E61752 /* GetAnswerModel.swift in Sources */ = {isa = PBXBuildFile; fileRef = 345149032CAAD36B00E61752 /* GetAnswerModel.swift */; };
		346330DE2CA68D5D00ADCE5A /* HealthKit.framework in Frameworks */ = {isa = PBXBuildFile; fileRef = 346330DD2CA68D5D00ADCE5A /* HealthKit.framework */; };
		34751CAD2CA2BD9700B91584 /* EditProfileModel.swift in Sources */ = {isa = PBXBuildFile; fileRef = 34751CAC2CA2BD9700B91584 /* EditProfileModel.swift */; };
		34751CB92CA2E61200B91584 /* IQKeyboardManagerSwift in Frameworks */ = {isa = PBXBuildFile; productRef = 34751CB82CA2E61200B91584 /* IQKeyboardManagerSwift */; };
		347E1B5A2C9D561B00C64834 /* GetProfileModel.swift in Sources */ = {isa = PBXBuildFile; fileRef = 347E1B592C9D561B00C64834 /* GetProfileModel.swift */; };
		3480BFE92CA1839F00809C70 /* SettingVC.swift in Sources */ = {isa = PBXBuildFile; fileRef = 3480BFE82CA1839F00809C70 /* SettingVC.swift */; };
		3493C79C2CA51B5900FC8BE2 /* GetQuestionModel.swift in Sources */ = {isa = PBXBuildFile; fileRef = 3493C79B2CA51B5900FC8BE2 /* GetQuestionModel.swift */; };
		3497CFF92CA55A44005D79B7 /* OptionsTableViewCell.swift in Sources */ = {isa = PBXBuildFile; fileRef = 3497CFF72CA55A44005D79B7 /* OptionsTableViewCell.swift */; };
		3497CFFA2CA55A44005D79B7 /* OptionsTableViewCell.xib in Resources */ = {isa = PBXBuildFile; fileRef = 3497CFF82CA55A44005D79B7 /* OptionsTableViewCell.xib */; };
		349A45532CA14FA000194F94 /* SetNewPasswordModel.swift in Sources */ = {isa = PBXBuildFile; fileRef = 349A45522CA14FA000194F94 /* SetNewPasswordModel.swift */; };
		34BC88D02C982871001AB686 /* ForgotPasswordVC.swift in Sources */ = {isa = PBXBuildFile; fileRef = 34BC88CF2C982871001AB686 /* ForgotPasswordVC.swift */; };
		34BC88D32C983459001AB686 /* RoundedView.swift in Sources */ = {isa = PBXBuildFile; fileRef = 34BC88D22C983459001AB686 /* RoundedView.swift */; };
		34BC88DF2C98482C001AB686 /* SFPRODISPLAYSEMIBOLDITALIC.OTF in Resources */ = {isa = PBXBuildFile; fileRef = 34BC88D62C98482B001AB686 /* SFPRODISPLAYSEMIBOLDITALIC.OTF */; };
		34BC88E02C98482C001AB686 /* SFPRODISPLAYTHINITALIC.OTF in Resources */ = {isa = PBXBuildFile; fileRef = 34BC88D72C98482B001AB686 /* SFPRODISPLAYTHINITALIC.OTF */; };
		34BC88E12C98482C001AB686 /* SFPRODISPLAYULTRALIGHTITALIC.OTF in Resources */ = {isa = PBXBuildFile; fileRef = 34BC88D82C98482B001AB686 /* SFPRODISPLAYULTRALIGHTITALIC.OTF */; };
		34BC88E22C98482C001AB686 /* SFPRODISPLAYREGULAR.OTF in Resources */ = {isa = PBXBuildFile; fileRef = 34BC88D92C98482C001AB686 /* SFPRODISPLAYREGULAR.OTF */; };
		34BC88E32C98482C001AB686 /* SFPRODISPLAYHEAVYITALIC.OTF in Resources */ = {isa = PBXBuildFile; fileRef = 34BC88DA2C98482C001AB686 /* SFPRODISPLAYHEAVYITALIC.OTF */; };
		34BC88E42C98482C001AB686 /* SFPRODISPLAYBOLD.OTF in Resources */ = {isa = PBXBuildFile; fileRef = 34BC88DB2C98482C001AB686 /* SFPRODISPLAYBOLD.OTF */; };
		34BC88E52C98482C001AB686 /* SFPRODISPLAYMEDIUM.OTF in Resources */ = {isa = PBXBuildFile; fileRef = 34BC88DC2C98482C001AB686 /* SFPRODISPLAYMEDIUM.OTF */; };
		34BC88E62C98482C001AB686 /* SFPRODISPLAYLIGHTITALIC.OTF in Resources */ = {isa = PBXBuildFile; fileRef = 34BC88DD2C98482C001AB686 /* SFPRODISPLAYLIGHTITALIC.OTF */; };
		34BC88E72C98482C001AB686 /* SFPRODISPLAYBLACKITALIC.OTF in Resources */ = {isa = PBXBuildFile; fileRef = 34BC88DE2C98482C001AB686 /* SFPRODISPLAYBLACKITALIC.OTF */; };
		34E494712C9ACD5300B84FDB /* OTPVerificationVC.swift in Sources */ = {isa = PBXBuildFile; fileRef = 34E494702C9ACD5300B84FDB /* OTPVerificationVC.swift */; };
		34E494732C9ADB3C00B84FDB /* ResetPasswordVC.swift in Sources */ = {isa = PBXBuildFile; fileRef = 34E494722C9ADB3C00B84FDB /* ResetPasswordVC.swift */; };
		34E494762C9AF81000B84FDB /* HomeScreenVC.swift in Sources */ = {isa = PBXBuildFile; fileRef = 34E494752C9AF81000B84FDB /* HomeScreenVC.swift */; };
		34E494782C9AF83800B84FDB /* HomeSC.storyboard in Resources */ = {isa = PBXBuildFile; fileRef = 34E494772C9AF83800B84FDB /* HomeSC.storyboard */; };
		8B0977D82CBCF9D7004FC77A /* QuestionCell.swift in Sources */ = {isa = PBXBuildFile; fileRef = 8B0977D62CBCF9D7004FC77A /* QuestionCell.swift */; };
		8B0977D92CBCF9D7004FC77A /* QuestionCell.xib in Resources */ = {isa = PBXBuildFile; fileRef = 8B0977D72CBCF9D7004FC77A /* QuestionCell.xib */; };
		8B13AECD2CB7A117002D561C /* old api code.swift in Sources */ = {isa = PBXBuildFile; fileRef = 8B13AECC2CB7A117002D561C /* old api code.swift */; };
		8B13AECF2CB7B3AF002D561C /* healtkit manager code.swift in Sources */ = {isa = PBXBuildFile; fileRef = 8B13AECE2CB7B3AF002D561C /* healtkit manager code.swift */; };
		8B13AED12CB7B452002D561C /* homescreenvc code.swift in Sources */ = {isa = PBXBuildFile; fileRef = 8B13AED02CB7B452002D561C /* homescreenvc code.swift */; };
		8B13AED62CB7B8D8002D561C /* registervc code.swift in Sources */ = {isa = PBXBuildFile; fileRef = 8B13AED52CB7B8D8002D561C /* registervc code.swift */; };
		8B13AED82CB7B912002D561C /* forgotpassvc code.swift in Sources */ = {isa = PBXBuildFile; fileRef = 8B13AED72CB7B912002D561C /* forgotpassvc code.swift */; };
		8B13AEDA2CB7B941002D561C /* optverification code.swift in Sources */ = {isa = PBXBuildFile; fileRef = 8B13AED92CB7B941002D561C /* optverification code.swift */; };
		8B156F452CAE9628000EB537 /* UIVIewController Extension.swift in Sources */ = {isa = PBXBuildFile; fileRef = 8B156F442CAE9628000EB537 /* UIVIewController Extension.swift */; };
		8B156F482CAEA1E0000EB537 /* helathDataRetrieval.swift in Sources */ = {isa = PBXBuildFile; fileRef = 8B156F472CAEA1E0000EB537 /* helathDataRetrieval.swift */; };
		8B156F4A2CAEA21A000EB537 /* retrieveheartsample.swift in Sources */ = {isa = PBXBuildFile; fileRef = 8B156F492CAEA21A000EB537 /* retrieveheartsample.swift */; };
		8B156F4C2CAEA8E5000EB537 /* TimeIntervalExtension.swift in Sources */ = {isa = PBXBuildFile; fileRef = 8B156F4B2CAEA8E5000EB537 /* TimeIntervalExtension.swift */; };
		8B1FFA8D2CACF90D003EC440 /* HealthKitManager.swift in Sources */ = {isa = PBXBuildFile; fileRef = 8B1FFA8C2CACF90D003EC440 /* HealthKitManager.swift */; };
		8B29074C2CBE3BF3001BDDEF /* quizvc code.swift in Sources */ = {isa = PBXBuildFile; fileRef = 8B29074B2CBE3BF3001BDDEF /* quizvc code.swift */; };
		8B55FB852CB9224D00624B9B /* StepsManager.swift in Sources */ = {isa = PBXBuildFile; fileRef = 8B55FB842CB9224D00624B9B /* StepsManager.swift */; };
		8B55FB872CB9248F00624B9B /* SleepManager.swift in Sources */ = {isa = PBXBuildFile; fileRef = 8B55FB862CB9248F00624B9B /* SleepManager.swift */; };
		8B55FB892CB9255500624B9B /* HRVManager.swift in Sources */ = {isa = PBXBuildFile; fileRef = 8B55FB882CB9255500624B9B /* HRVManager.swift */; };
		8B55FB8B2CB925CA00624B9B /* RestingHeartManager.swift in Sources */ = {isa = PBXBuildFile; fileRef = 8B55FB8A2CB925CA00624B9B /* RestingHeartManager.swift */; };
		8B55FB902CB9275300624B9B /* ActiveEnergyManager.swift in Sources */ = {isa = PBXBuildFile; fileRef = 8B55FB8F2CB9275300624B9B /* ActiveEnergyManager.swift */; };
		8BB74DDB2CABFC7F00756D70 /* UiDate Formatter Extension.swift in Sources */ = {isa = PBXBuildFile; fileRef = 8BB74DDA2CABFC7F00756D70 /* UiDate Formatter Extension.swift */; };
		8BD58E752CAD3CB300E28971 /* temp.swift in Sources */ = {isa = PBXBuildFile; fileRef = 8BD58E742CAD3CB300E28971 /* temp.swift */; };
		8BD58E782CAD511100E28971 /* HealthModel.swift in Sources */ = {isa = PBXBuildFile; fileRef = 8BD58E772CAD511100E28971 /* HealthModel.swift */; };
		B12EF0D02CF44F5600FE13F1 /* StepsModel.swift in Sources */ = {isa = PBXBuildFile; fileRef = B12EF0CF2CF44F5600FE13F1 /* StepsModel.swift */; };
		B12EF0D22CF4578B00FE13F1 /* HRVModel.swift in Sources */ = {isa = PBXBuildFile; fileRef = B12EF0D12CF4578B00FE13F1 /* HRVModel.swift */; };
		B12EF0D42CF459A500FE13F1 /* RestingHeartModel.swift in Sources */ = {isa = PBXBuildFile; fileRef = B12EF0D32CF459A500FE13F1 /* RestingHeartModel.swift */; };
		B12EF0D62CF45AC100FE13F1 /* ActiveEnergyModel.swift in Sources */ = {isa = PBXBuildFile; fileRef = B12EF0D52CF45AC100FE13F1 /* ActiveEnergyModel.swift */; };
		B12EF0D82CF4821200FE13F1 /* SleepModel.swift in Sources */ = {isa = PBXBuildFile; fileRef = B12EF0D72CF4821100FE13F1 /* SleepModel.swift */; };
		B14E5DFE2CF6D06400080469 /* HealthSyncModel.xcdatamodeld in Sources */ = {isa = PBXBuildFile; fileRef = B14E5DFC2CF6D06400080469 /* HealthSyncModel.xcdatamodeld */; };
/* End PBXBuildFile section */

/* Begin PBXCopyFilesBuildPhase section */
		349A454D2CA1416E00194F94 /* Embed Frameworks */ = {
			isa = PBXCopyFilesBuildPhase;
			buildActionMask = 2147483647;
			dstPath = "";
			dstSubfolderSpec = 10;
			files = (
			);
			name = "Embed Frameworks";
			runOnlyForDeploymentPostprocessing = 0;
		};
/* End PBXCopyFilesBuildPhase section */

/* Begin PBXFileReference section */
		11B253762DD1FE330047BEFA /* Dictionary+Extensions.swift */ = {isa = PBXFileReference; lastKnownFileType = sourcecode.swift; path = "Dictionary+Extensions.swift"; sourceTree = "<group>"; };
		16B8CC29484AA4813A4D5C40 /* Pods_Living_Centerline.framework */ = {isa = PBXFileReference; explicitFileType = wrapper.framework; includeInIndex = 0; path = Pods_Living_Centerline.framework; sourceTree = BUILT_PRODUCTS_DIR; };
		1868F2F62D683C7C0092118F /* LogManager.swift */ = {isa = PBXFileReference; lastKnownFileType = sourcecode.swift; path = LogManager.swift; sourceTree = "<group>"; };
		1895BEE12D7C0C20005CFAB3 /* MissingDatesModel.swift */ = {isa = PBXFileReference; lastKnownFileType = sourcecode.swift; path = MissingDatesModel.swift; sourceTree = "<group>"; };
		18C7BBAE2D1D08F400E37AE4 /* RestingEnergyManager.swift */ = {isa = PBXFileReference; lastKnownFileType = sourcecode.swift; path = RestingEnergyManager.swift; sourceTree = "<group>"; };
		18C7BBB02D1D091E00E37AE4 /* RestingEnergyModel.swift */ = {isa = PBXFileReference; lastKnownFileType = sourcecode.swift; path = RestingEnergyModel.swift; sourceTree = "<group>"; };
		18D1DB062D4800910073B7D3 /* MissingHealthDataModel.swift */ = {isa = PBXFileReference; lastKnownFileType = sourcecode.swift; path = MissingHealthDataModel.swift; sourceTree = "<group>"; };
		18D1DB082D4800E30073B7D3 /* helperFunction.swift */ = {isa = PBXFileReference; lastKnownFileType = sourcecode.swift; path = helperFunction.swift; sourceTree = "<group>"; };
		18D2AB9D2D489E5900B57774 /* Array Extension.swift */ = {isa = PBXFileReference; lastKnownFileType = sourcecode.swift; path = "Array Extension.swift"; sourceTree = "<group>"; };
		34057F1D2CA1226D004513D3 /* SendOTPModel.swift */ = {isa = PBXFileReference; lastKnownFileType = sourcecode.swift; path = SendOTPModel.swift; sourceTree = "<group>"; };
		34057F1F2CA13336004513D3 /* VerifyOTPModel.swift */ = {isa = PBXFileReference; lastKnownFileType = sourcecode.swift; path = VerifyOTPModel.swift; sourceTree = "<group>"; };
		340A44D32C9809B000CA3E23 /* Living-Centerline.app */ = {isa = PBXFileReference; explicitFileType = wrapper.application; includeInIndex = 0; path = "Living-Centerline.app"; sourceTree = BUILT_PRODUCTS_DIR; };
		340A44D62C9809B000CA3E23 /* AppDelegate.swift */ = {isa = PBXFileReference; lastKnownFileType = sourcecode.swift; path = AppDelegate.swift; sourceTree = "<group>"; };
		340A44D82C9809B000CA3E23 /* SceneDelegate.swift */ = {isa = PBXFileReference; lastKnownFileType = sourcecode.swift; path = SceneDelegate.swift; sourceTree = "<group>"; };
		340A44DA2C9809B000CA3E23 /* LoginPageVC.swift */ = {isa = PBXFileReference; lastKnownFileType = sourcecode.swift; path = LoginPageVC.swift; sourceTree = "<group>"; };
		340A44DD2C9809B000CA3E23 /* Base */ = {isa = PBXFileReference; lastKnownFileType = file.storyboard; name = Base; path = Base.lproj/Main.storyboard; sourceTree = "<group>"; };
		340A44DF2C9809B100CA3E23 /* Assets.xcassets */ = {isa = PBXFileReference; lastKnownFileType = folder.assetcatalog; path = Assets.xcassets; sourceTree = "<group>"; };
		340A44E22C9809B100CA3E23 /* Base */ = {isa = PBXFileReference; lastKnownFileType = file.storyboard; name = Base; path = Base.lproj/LaunchScreen.storyboard; sourceTree = "<group>"; };
		340A44E42C9809B100CA3E23 /* Info.plist */ = {isa = PBXFileReference; lastKnownFileType = text.plist.xml; path = Info.plist; sourceTree = "<group>"; };
		340A44EF2C98112900CA3E23 /* RegisterPageVC.swift */ = {isa = PBXFileReference; lastKnownFileType = sourcecode.swift; path = RegisterPageVC.swift; sourceTree = "<group>"; };
		340A44F32C9813F600CA3E23 /* UITextField+Extensions.swift */ = {isa = PBXFileReference; lastKnownFileType = sourcecode.swift; path = "UITextField+Extensions.swift"; sourceTree = "<group>"; };
		340AB68D2C9BE5CC001CDFD2 /* SurveyQuizVC.swift */ = {isa = PBXFileReference; lastKnownFileType = sourcecode.swift; path = SurveyQuizVC.swift; sourceTree = "<group>"; };
		340AB6902C9BF506001CDFD2 /* Constant.swift */ = {isa = PBXFileReference; lastKnownFileType = sourcecode.swift; path = Constant.swift; sourceTree = "<group>"; };
		340AB6942C9BF68A001CDFD2 /* RegisterModel.swift */ = {isa = PBXFileReference; lastKnownFileType = sourcecode.swift; path = RegisterModel.swift; sourceTree = "<group>"; };
		340AB6972C9BF78C001CDFD2 /* APIManager.swift */ = {isa = PBXFileReference; lastKnownFileType = sourcecode.swift; path = APIManager.swift; sourceTree = "<group>"; };
		340AB69D2C9C083F001CDFD2 /* UIColor.swift */ = {isa = PBXFileReference; lastKnownFileType = sourcecode.swift; path = UIColor.swift; sourceTree = "<group>"; };
		340AB69F2C9C2B70001CDFD2 /* NextSurveyVC.swift */ = {isa = PBXFileReference; lastKnownFileType = sourcecode.swift; path = NextSurveyVC.swift; sourceTree = "<group>"; };
		340AB6A22C9C52E2001CDFD2 /* LogInModel.swift */ = {isa = PBXFileReference; lastKnownFileType = sourcecode.swift; path = LogInModel.swift; sourceTree = "<group>"; };
		341BF5E92C9A8F1F00B1103E /* UIView+Extensions..swift */ = {isa = PBXFileReference; lastKnownFileType = sourcecode.swift; path = "UIView+Extensions..swift"; sourceTree = "<group>"; };
		341BF5ED2C9A8FAF00B1103E /* Validator.swift */ = {isa = PBXFileReference; lastKnownFileType = sourcecode.swift; path = Validator.swift; sourceTree = "<group>"; };
		345149032CAAD36B00E61752 /* GetAnswerModel.swift */ = {isa = PBXFileReference; lastKnownFileType = sourcecode.swift; path = GetAnswerModel.swift; sourceTree = "<group>"; };
		346330DC2CA68D5D00ADCE5A /* Living-Centerline.entitlements */ = {isa = PBXFileReference; lastKnownFileType = text.plist.entitlements; path = "Living-Centerline.entitlements"; sourceTree = "<group>"; };
		346330DD2CA68D5D00ADCE5A /* HealthKit.framework */ = {isa = PBXFileReference; lastKnownFileType = wrapper.framework; name = HealthKit.framework; path = System/Library/Frameworks/HealthKit.framework; sourceTree = SDKROOT; };
		34751CAC2CA2BD9700B91584 /* EditProfileModel.swift */ = {isa = PBXFileReference; lastKnownFileType = sourcecode.swift; path = EditProfileModel.swift; sourceTree = "<group>"; };
		347E1B592C9D561B00C64834 /* GetProfileModel.swift */ = {isa = PBXFileReference; lastKnownFileType = sourcecode.swift; path = GetProfileModel.swift; sourceTree = "<group>"; };
		3480BFE82CA1839F00809C70 /* SettingVC.swift */ = {isa = PBXFileReference; lastKnownFileType = sourcecode.swift; path = SettingVC.swift; sourceTree = "<group>"; };
		3493C79B2CA51B5900FC8BE2 /* GetQuestionModel.swift */ = {isa = PBXFileReference; lastKnownFileType = sourcecode.swift; path = GetQuestionModel.swift; sourceTree = "<group>"; };
		3497CFF72CA55A44005D79B7 /* OptionsTableViewCell.swift */ = {isa = PBXFileReference; lastKnownFileType = sourcecode.swift; path = OptionsTableViewCell.swift; sourceTree = "<group>"; };
		3497CFF82CA55A44005D79B7 /* OptionsTableViewCell.xib */ = {isa = PBXFileReference; lastKnownFileType = file.xib; path = OptionsTableViewCell.xib; sourceTree = "<group>"; };
		349A454A2CA1416E00194F94 /* IQKeyboardManagerSwift.framework */ = {isa = PBXFileReference; explicitFileType = wrapper.framework; path = IQKeyboardManagerSwift.framework; sourceTree = BUILT_PRODUCTS_DIR; };
		349A45522CA14FA000194F94 /* SetNewPasswordModel.swift */ = {isa = PBXFileReference; lastKnownFileType = sourcecode.swift; path = SetNewPasswordModel.swift; sourceTree = "<group>"; };
		34BC88CF2C982871001AB686 /* ForgotPasswordVC.swift */ = {isa = PBXFileReference; lastKnownFileType = sourcecode.swift; path = ForgotPasswordVC.swift; sourceTree = "<group>"; };
		34BC88D22C983459001AB686 /* RoundedView.swift */ = {isa = PBXFileReference; lastKnownFileType = sourcecode.swift; path = RoundedView.swift; sourceTree = "<group>"; };
		34BC88D62C98482B001AB686 /* SFPRODISPLAYSEMIBOLDITALIC.OTF */ = {isa = PBXFileReference; lastKnownFileType = file; path = SFPRODISPLAYSEMIBOLDITALIC.OTF; sourceTree = "<group>"; };
		34BC88D72C98482B001AB686 /* SFPRODISPLAYTHINITALIC.OTF */ = {isa = PBXFileReference; lastKnownFileType = file; path = SFPRODISPLAYTHINITALIC.OTF; sourceTree = "<group>"; };
		34BC88D82C98482B001AB686 /* SFPRODISPLAYULTRALIGHTITALIC.OTF */ = {isa = PBXFileReference; lastKnownFileType = file; path = SFPRODISPLAYULTRALIGHTITALIC.OTF; sourceTree = "<group>"; };
		34BC88D92C98482C001AB686 /* SFPRODISPLAYREGULAR.OTF */ = {isa = PBXFileReference; lastKnownFileType = file; path = SFPRODISPLAYREGULAR.OTF; sourceTree = "<group>"; };
		34BC88DA2C98482C001AB686 /* SFPRODISPLAYHEAVYITALIC.OTF */ = {isa = PBXFileReference; lastKnownFileType = file; path = SFPRODISPLAYHEAVYITALIC.OTF; sourceTree = "<group>"; };
		34BC88DB2C98482C001AB686 /* SFPRODISPLAYBOLD.OTF */ = {isa = PBXFileReference; lastKnownFileType = file; path = SFPRODISPLAYBOLD.OTF; sourceTree = "<group>"; };
		34BC88DC2C98482C001AB686 /* SFPRODISPLAYMEDIUM.OTF */ = {isa = PBXFileReference; lastKnownFileType = file; path = SFPRODISPLAYMEDIUM.OTF; sourceTree = "<group>"; };
		34BC88DD2C98482C001AB686 /* SFPRODISPLAYLIGHTITALIC.OTF */ = {isa = PBXFileReference; lastKnownFileType = file; path = SFPRODISPLAYLIGHTITALIC.OTF; sourceTree = "<group>"; };
		34BC88DE2C98482C001AB686 /* SFPRODISPLAYBLACKITALIC.OTF */ = {isa = PBXFileReference; lastKnownFileType = file; path = SFPRODISPLAYBLACKITALIC.OTF; sourceTree = "<group>"; };
		34E494702C9ACD5300B84FDB /* OTPVerificationVC.swift */ = {isa = PBXFileReference; lastKnownFileType = sourcecode.swift; path = OTPVerificationVC.swift; sourceTree = "<group>"; };
		34E494722C9ADB3C00B84FDB /* ResetPasswordVC.swift */ = {isa = PBXFileReference; lastKnownFileType = sourcecode.swift; path = ResetPasswordVC.swift; sourceTree = "<group>"; };
		34E494752C9AF81000B84FDB /* HomeScreenVC.swift */ = {isa = PBXFileReference; lastKnownFileType = sourcecode.swift; path = HomeScreenVC.swift; sourceTree = "<group>"; };
		34E494772C9AF83800B84FDB /* HomeSC.storyboard */ = {isa = PBXFileReference; lastKnownFileType = file.storyboard; path = HomeSC.storyboard; sourceTree = "<group>"; };
		8B0977D62CBCF9D7004FC77A /* QuestionCell.swift */ = {isa = PBXFileReference; lastKnownFileType = sourcecode.swift; path = QuestionCell.swift; sourceTree = "<group>"; };
		8B0977D72CBCF9D7004FC77A /* QuestionCell.xib */ = {isa = PBXFileReference; lastKnownFileType = file.xib; path = QuestionCell.xib; sourceTree = "<group>"; };
		8B13AECC2CB7A117002D561C /* old api code.swift */ = {isa = PBXFileReference; lastKnownFileType = sourcecode.swift; path = "old api code.swift"; sourceTree = "<group>"; };
		8B13AECE2CB7B3AF002D561C /* healtkit manager code.swift */ = {isa = PBXFileReference; lastKnownFileType = sourcecode.swift; path = "healtkit manager code.swift"; sourceTree = "<group>"; };
		8B13AED02CB7B452002D561C /* homescreenvc code.swift */ = {isa = PBXFileReference; lastKnownFileType = sourcecode.swift; path = "homescreenvc code.swift"; sourceTree = "<group>"; };
		8B13AED52CB7B8D8002D561C /* registervc code.swift */ = {isa = PBXFileReference; lastKnownFileType = sourcecode.swift; path = "registervc code.swift"; sourceTree = "<group>"; };
		8B13AED72CB7B912002D561C /* forgotpassvc code.swift */ = {isa = PBXFileReference; lastKnownFileType = sourcecode.swift; path = "forgotpassvc code.swift"; sourceTree = "<group>"; };
		8B13AED92CB7B941002D561C /* optverification code.swift */ = {isa = PBXFileReference; lastKnownFileType = sourcecode.swift; path = "optverification code.swift"; sourceTree = "<group>"; };
		8B156F442CAE9628000EB537 /* UIVIewController Extension.swift */ = {isa = PBXFileReference; lastKnownFileType = sourcecode.swift; path = "UIVIewController Extension.swift"; sourceTree = "<group>"; };
		8B156F472CAEA1E0000EB537 /* helathDataRetrieval.swift */ = {isa = PBXFileReference; lastKnownFileType = sourcecode.swift; path = helathDataRetrieval.swift; sourceTree = "<group>"; };
		8B156F492CAEA21A000EB537 /* retrieveheartsample.swift */ = {isa = PBXFileReference; lastKnownFileType = sourcecode.swift; path = retrieveheartsample.swift; sourceTree = "<group>"; };
		8B156F4B2CAEA8E5000EB537 /* TimeIntervalExtension.swift */ = {isa = PBXFileReference; lastKnownFileType = sourcecode.swift; path = TimeIntervalExtension.swift; sourceTree = "<group>"; };
		8B1FFA8C2CACF90D003EC440 /* HealthKitManager.swift */ = {isa = PBXFileReference; lastKnownFileType = sourcecode.swift; path = HealthKitManager.swift; sourceTree = "<group>"; };
		8B29074B2CBE3BF3001BDDEF /* quizvc code.swift */ = {isa = PBXFileReference; lastKnownFileType = sourcecode.swift; path = "quizvc code.swift"; sourceTree = "<group>"; };
		8B55FB842CB9224D00624B9B /* StepsManager.swift */ = {isa = PBXFileReference; lastKnownFileType = sourcecode.swift; path = StepsManager.swift; sourceTree = "<group>"; };
		8B55FB862CB9248F00624B9B /* SleepManager.swift */ = {isa = PBXFileReference; lastKnownFileType = sourcecode.swift; path = SleepManager.swift; sourceTree = "<group>"; };
		8B55FB882CB9255500624B9B /* HRVManager.swift */ = {isa = PBXFileReference; lastKnownFileType = sourcecode.swift; path = HRVManager.swift; sourceTree = "<group>"; };
		8B55FB8A2CB925CA00624B9B /* RestingHeartManager.swift */ = {isa = PBXFileReference; lastKnownFileType = sourcecode.swift; path = RestingHeartManager.swift; sourceTree = "<group>"; };
		8B55FB8F2CB9275300624B9B /* ActiveEnergyManager.swift */ = {isa = PBXFileReference; lastKnownFileType = sourcecode.swift; path = ActiveEnergyManager.swift; sourceTree = "<group>"; };
		8BB74DDA2CABFC7F00756D70 /* UiDate Formatter Extension.swift */ = {isa = PBXFileReference; lastKnownFileType = sourcecode.swift; path = "UiDate Formatter Extension.swift"; sourceTree = "<group>"; };
		8BD58E742CAD3CB300E28971 /* temp.swift */ = {isa = PBXFileReference; lastKnownFileType = sourcecode.swift; path = temp.swift; sourceTree = "<group>"; };
		8BD58E772CAD511100E28971 /* HealthModel.swift */ = {isa = PBXFileReference; lastKnownFileType = sourcecode.swift; path = HealthModel.swift; sourceTree = "<group>"; };
		B12EF0CF2CF44F5600FE13F1 /* StepsModel.swift */ = {isa = PBXFileReference; lastKnownFileType = sourcecode.swift; path = StepsModel.swift; sourceTree = "<group>"; };
		B12EF0D12CF4578B00FE13F1 /* HRVModel.swift */ = {isa = PBXFileReference; lastKnownFileType = sourcecode.swift; path = HRVModel.swift; sourceTree = "<group>"; };
		B12EF0D32CF459A500FE13F1 /* RestingHeartModel.swift */ = {isa = PBXFileReference; lastKnownFileType = sourcecode.swift; path = RestingHeartModel.swift; sourceTree = "<group>"; };
		B12EF0D52CF45AC100FE13F1 /* ActiveEnergyModel.swift */ = {isa = PBXFileReference; lastKnownFileType = sourcecode.swift; path = ActiveEnergyModel.swift; sourceTree = "<group>"; };
		B12EF0D72CF4821100FE13F1 /* SleepModel.swift */ = {isa = PBXFileReference; lastKnownFileType = sourcecode.swift; path = SleepModel.swift; sourceTree = "<group>"; };
		B14E5DFD2CF6D06400080469 /* HealthSyncModel.xcdatamodel */ = {isa = PBXFileReference; lastKnownFileType = wrapper.xcdatamodel; path = HealthSyncModel.xcdatamodel; sourceTree = "<group>"; };
/* End PBXFileReference section */

/* Begin PBXFileSystemSynchronizedRootGroup section */
		18DBE8D52D118B2C0067B620 /* HealthSync */ = {isa = PBXFileSystemSynchronizedRootGroup; explicitFileTypes = {}; explicitFolders = (); path = HealthSync; sourceTree = "<group>"; };
		B14E5E232CF6D22500080469 /* HealthSyncManager */ = {isa = PBXFileSystemSynchronizedRootGroup; explicitFileTypes = {}; explicitFolders = (); path = HealthSyncManager; sourceTree = "<group>"; };
/* End PBXFileSystemSynchronizedRootGroup section */

/* Begin PBXFrameworksBuildPhase section */
		340A44D02C9809B000CA3E23 /* Frameworks */ = {
			isa = PBXFrameworksBuildPhase;
			buildActionMask = 2147483647;
			files = (
				1895BED02D796F0B005CFAB3 /* ProgressHUD in Frameworks */,
				346330DE2CA68D5D00ADCE5A /* HealthKit.framework in Frameworks */,
				34751CB92CA2E61200B91584 /* IQKeyboardManagerSwift in Frameworks */,
			);
			runOnlyForDeploymentPostprocessing = 0;
		};
/* End PBXFrameworksBuildPhase section */

/* Begin PBXGroup section */
		2BBC7115F6F4CFEBC7D77604 /* Frameworks */ = {
			isa = PBXGroup;
			children = (
				346330DD2CA68D5D00ADCE5A /* HealthKit.framework */,
				349A454A2CA1416E00194F94 /* IQKeyboardManagerSwift.framework */,
				16B8CC29484AA4813A4D5C40 /* Pods_Living_Centerline.framework */,
			);
			name = Frameworks;
			sourceTree = "<group>";
		};
		34057F1C2CA1223D004513D3 /* ForgotPassword */ = {
			isa = PBXGroup;
			children = (
				34057F1D2CA1226D004513D3 /* SendOTPModel.swift */,
				34057F1F2CA13336004513D3 /* VerifyOTPModel.swift */,
				349A45522CA14FA000194F94 /* SetNewPasswordModel.swift */,
			);
			path = ForgotPassword;
			sourceTree = "<group>";
		};
		340A44CA2C9809B000CA3E23 = {
			isa = PBXGroup;
			children = (
				B14E5DFC2CF6D06400080469 /* HealthSyncModel.xcdatamodeld */,
				340A44D52C9809B000CA3E23 /* Living-Centerline */,
				340A44D42C9809B000CA3E23 /* Products */,
				2BBC7115F6F4CFEBC7D77604 /* Frameworks */,
			);
			sourceTree = "<group>";
		};
		340A44D42C9809B000CA3E23 /* Products */ = {
			isa = PBXGroup;
			children = (
				340A44D32C9809B000CA3E23 /* Living-Centerline.app */,
			);
			name = Products;
			sourceTree = "<group>";
		};
		340A44D52C9809B000CA3E23 /* Living-Centerline */ = {
			isa = PBXGroup;
			children = (
				346330DC2CA68D5D00ADCE5A /* Living-Centerline.entitlements */,
				340A44EA2C9809C700CA3E23 /* App */,
				8B0977D42CBCF9A8004FC77A /* Manager */,
				340A44F12C9813D100CA3E23 /* Helper */,
				8B29074D2CBEA5F6001BDDEF /* Living Centerline */,
				340A44ED2C9809F600CA3E23 /* Storyboard */,
				340A44EB2C9809D900CA3E23 /* Resource */,
				340A44E42C9809B100CA3E23 /* Info.plist */,
			);
			path = "Living-Centerline";
			sourceTree = "<group>";
		};
		340A44EA2C9809C700CA3E23 /* App */ = {
			isa = PBXGroup;
			children = (
				340A44D62C9809B000CA3E23 /* AppDelegate.swift */,
				340A44D82C9809B000CA3E23 /* SceneDelegate.swift */,
			);
			path = App;
			sourceTree = "<group>";
		};
		340A44EB2C9809D900CA3E23 /* Resource */ = {
			isa = PBXGroup;
			children = (
				340A44DF2C9809B100CA3E23 /* Assets.xcassets */,
				340A44EC2C9809E300CA3E23 /* Font */,
			);
			path = Resource;
			sourceTree = "<group>";
		};
		340A44EC2C9809E300CA3E23 /* Font */ = {
			isa = PBXGroup;
			children = (
				34BC88DE2C98482C001AB686 /* SFPRODISPLAYBLACKITALIC.OTF */,
				34BC88DB2C98482C001AB686 /* SFPRODISPLAYBOLD.OTF */,
				34BC88DA2C98482C001AB686 /* SFPRODISPLAYHEAVYITALIC.OTF */,
				34BC88DD2C98482C001AB686 /* SFPRODISPLAYLIGHTITALIC.OTF */,
				34BC88DC2C98482C001AB686 /* SFPRODISPLAYMEDIUM.OTF */,
				34BC88D92C98482C001AB686 /* SFPRODISPLAYREGULAR.OTF */,
				34BC88D62C98482B001AB686 /* SFPRODISPLAYSEMIBOLDITALIC.OTF */,
				34BC88D72C98482B001AB686 /* SFPRODISPLAYTHINITALIC.OTF */,
				34BC88D82C98482B001AB686 /* SFPRODISPLAYULTRALIGHTITALIC.OTF */,
			);
			path = Font;
			sourceTree = "<group>";
		};
		340A44ED2C9809F600CA3E23 /* Storyboard */ = {
			isa = PBXGroup;
			children = (
				340A44DC2C9809B000CA3E23 /* Main.storyboard */,
				34E494772C9AF83800B84FDB /* HomeSC.storyboard */,
				340A44E12C9809B100CA3E23 /* LaunchScreen.storyboard */,
			);
			path = Storyboard;
			sourceTree = "<group>";
		};
		340A44EE2C980A1700CA3E23 /* Controller */ = {
			isa = PBXGroup;
			children = (
				34E494742C9AF6DA00B84FDB /* HomeSC */,
				34BC88CE2C98283E001AB686 /* LogInAndSignUp */,
			);
			path = Controller;
			sourceTree = "<group>";
		};
		340A44F12C9813D100CA3E23 /* Helper */ = {
			isa = PBXGroup;
			children = (
				8B156F462CAEA1C9000EB537 /* Reference Code */,
				340AB68F2C9BF4A2001CDFD2 /* Constant */,
				34BC88D12C983431001AB686 /* CommonClass */,
				340A44F22C9813DA00CA3E23 /* Extenstion */,
				18D1DB082D4800E30073B7D3 /* helperFunction.swift */,
			);
			path = Helper;
			sourceTree = "<group>";
		};
		340A44F22C9813DA00CA3E23 /* Extenstion */ = {
			isa = PBXGroup;
			children = (
				11B253762DD1FE330047BEFA /* Dictionary+Extensions.swift */,
				340A44F32C9813F600CA3E23 /* UITextField+Extensions.swift */,
				341BF5E92C9A8F1F00B1103E /* UIView+Extensions..swift */,
				341BF5ED2C9A8FAF00B1103E /* Validator.swift */,
				340AB69D2C9C083F001CDFD2 /* UIColor.swift */,
				8BB74DDA2CABFC7F00756D70 /* UiDate Formatter Extension.swift */,
				8B156F442CAE9628000EB537 /* UIVIewController Extension.swift */,
				8B156F4B2CAEA8E5000EB537 /* TimeIntervalExtension.swift */,
				18D2AB9D2D489E5900B57774 /* Array Extension.swift */,
			);
			path = Extenstion;
			sourceTree = "<group>";
		};
		340AB68F2C9BF4A2001CDFD2 /* Constant */ = {
			isa = PBXGroup;
			children = (
				340AB6902C9BF506001CDFD2 /* Constant.swift */,
			);
			path = Constant;
			sourceTree = "<group>";
		};
		340AB6922C9BF648001CDFD2 /* Model */ = {
			isa = PBXGroup;
			children = (
				18DBE8D52D118B2C0067B620 /* HealthSync */,
				8BD58E762CAD50FA00E28971 /* HealthData */,
				345149022CAAD35300E61752 /* GetAnswer */,
				3493C79A2CA51B2800FC8BE2 /* GetQuestion */,
				34751CAB2CA2BD7600B91584 /* EditProfile */,
				34057F1C2CA1223D004513D3 /* ForgotPassword */,
				347E1B582C9D55F900C64834 /* GetProfile */,
				340AB6A12C9C52B4001CDFD2 /* Login */,
				340AB6932C9BF66A001CDFD2 /* Register */,
			);
			path = Model;
			sourceTree = "<group>";
		};
		340AB6932C9BF66A001CDFD2 /* Register */ = {
			isa = PBXGroup;
			children = (
				340AB6942C9BF68A001CDFD2 /* RegisterModel.swift */,
			);
			path = Register;
			sourceTree = "<group>";
		};
		340AB6962C9BF762001CDFD2 /* APIManager */ = {
			isa = PBXGroup;
			children = (
				340AB6972C9BF78C001CDFD2 /* APIManager.swift */,
			);
			path = APIManager;
			sourceTree = "<group>";
		};
		340AB6A12C9C52B4001CDFD2 /* Login */ = {
			isa = PBXGroup;
			children = (
				340AB6A22C9C52E2001CDFD2 /* LogInModel.swift */,
			);
			path = Login;
			sourceTree = "<group>";
		};
		345149022CAAD35300E61752 /* GetAnswer */ = {
			isa = PBXGroup;
			children = (
				345149032CAAD36B00E61752 /* GetAnswerModel.swift */,
			);
			path = GetAnswer;
			sourceTree = "<group>";
		};
		34751CAB2CA2BD7600B91584 /* EditProfile */ = {
			isa = PBXGroup;
			children = (
				34751CAC2CA2BD9700B91584 /* EditProfileModel.swift */,
			);
			path = EditProfile;
			sourceTree = "<group>";
		};
		347E1B582C9D55F900C64834 /* GetProfile */ = {
			isa = PBXGroup;
			children = (
				347E1B592C9D561B00C64834 /* GetProfileModel.swift */,
			);
			path = GetProfile;
			sourceTree = "<group>";
		};
		3493C79A2CA51B2800FC8BE2 /* GetQuestion */ = {
			isa = PBXGroup;
			children = (
				3493C79B2CA51B5900FC8BE2 /* GetQuestionModel.swift */,
			);
			path = GetQuestion;
			sourceTree = "<group>";
		};
		3497CFF42CA55A09005D79B7 /* Cell */ = {
			isa = PBXGroup;
			children = (
				8B0977D52CBCF9BB004FC77A /* CollectionViewCell */,
				3497CFF52CA55A16005D79B7 /* TabelViewCell */,
			);
			path = Cell;
			sourceTree = "<group>";
		};
		3497CFF52CA55A16005D79B7 /* TabelViewCell */ = {
			isa = PBXGroup;
			children = (
				3497CFF82CA55A44005D79B7 /* OptionsTableViewCell.xib */,
				3497CFF72CA55A44005D79B7 /* OptionsTableViewCell.swift */,
			);
			path = TabelViewCell;
			sourceTree = "<group>";
		};
		34BC88CE2C98283E001AB686 /* LogInAndSignUp */ = {
			isa = PBXGroup;
			children = (
				340A44DA2C9809B000CA3E23 /* LoginPageVC.swift */,
				340A44EF2C98112900CA3E23 /* RegisterPageVC.swift */,
				34BC88CF2C982871001AB686 /* ForgotPasswordVC.swift */,
				34E494702C9ACD5300B84FDB /* OTPVerificationVC.swift */,
				34E494722C9ADB3C00B84FDB /* ResetPasswordVC.swift */,
			);
			path = LogInAndSignUp;
			sourceTree = "<group>";
		};
		34BC88D12C983431001AB686 /* CommonClass */ = {
			isa = PBXGroup;
			children = (
				34BC88D22C983459001AB686 /* RoundedView.swift */,
			);
			path = CommonClass;
			sourceTree = "<group>";
		};
		34E494742C9AF6DA00B84FDB /* HomeSC */ = {
			isa = PBXGroup;
			children = (
				34E494752C9AF81000B84FDB /* HomeScreenVC.swift */,
				340AB68D2C9BE5CC001CDFD2 /* SurveyQuizVC.swift */,
				340AB69F2C9C2B70001CDFD2 /* NextSurveyVC.swift */,
				3480BFE82CA1839F00809C70 /* SettingVC.swift */,
			);
			path = HomeSC;
			sourceTree = "<group>";
		};
		8B0977D42CBCF9A8004FC77A /* Manager */ = {
			isa = PBXGroup;
			children = (
				B14E5E232CF6D22500080469 /* HealthSyncManager */,
				340AB6962C9BF762001CDFD2 /* APIManager */,
				8B55FB8E2CB9264900624B9B /* HealthManager */,
			);
			path = Manager;
			sourceTree = "<group>";
		};
		8B0977D52CBCF9BB004FC77A /* CollectionViewCell */ = {
			isa = PBXGroup;
			children = (
				8B0977D72CBCF9D7004FC77A /* QuestionCell.xib */,
				8B0977D62CBCF9D7004FC77A /* QuestionCell.swift */,
			);
			path = CollectionViewCell;
			sourceTree = "<group>";
		};
		8B156F462CAEA1C9000EB537 /* Reference Code */ = {
			isa = PBXGroup;
			children = (
				8B156F472CAEA1E0000EB537 /* helathDataRetrieval.swift */,
				8B156F492CAEA21A000EB537 /* retrieveheartsample.swift */,
				8BD58E742CAD3CB300E28971 /* temp.swift */,
				8B13AECC2CB7A117002D561C /* old api code.swift */,
				8B13AECE2CB7B3AF002D561C /* healtkit manager code.swift */,
				8B13AED02CB7B452002D561C /* homescreenvc code.swift */,
				8B13AED52CB7B8D8002D561C /* registervc code.swift */,
				8B13AED72CB7B912002D561C /* forgotpassvc code.swift */,
				8B13AED92CB7B941002D561C /* optverification code.swift */,
				8B29074B2CBE3BF3001BDDEF /* quizvc code.swift */,
			);
			path = "Reference Code";
			sourceTree = "<group>";
		};
		8B29074D2CBEA5F6001BDDEF /* Living Centerline */ = {
			isa = PBXGroup;
			children = (
				340AB6922C9BF648001CDFD2 /* Model */,
				8B55FB912CB9424300624B9B /* View */,
				340A44EE2C980A1700CA3E23 /* Controller */,
			);
			path = "Living Centerline";
			sourceTree = "<group>";
		};
		8B55FB8C2CB9262600624B9B /* SubManager */ = {
			isa = PBXGroup;
			children = (
				8B55FB842CB9224D00624B9B /* StepsManager.swift */,
				8B55FB862CB9248F00624B9B /* SleepManager.swift */,
				8B55FB882CB9255500624B9B /* HRVManager.swift */,
				8B55FB8A2CB925CA00624B9B /* RestingHeartManager.swift */,
				8B55FB8F2CB9275300624B9B /* ActiveEnergyManager.swift */,
				18C7BBAE2D1D08F400E37AE4 /* RestingEnergyManager.swift */,
				1868F2F62D683C7C0092118F /* LogManager.swift */,
			);
			path = SubManager;
			sourceTree = "<group>";
		};
		8B55FB8E2CB9264900624B9B /* HealthManager */ = {
			isa = PBXGroup;
			children = (
				8B1FFA8C2CACF90D003EC440 /* HealthKitManager.swift */,
				8B55FB8C2CB9262600624B9B /* SubManager */,
			);
			path = HealthManager;
			sourceTree = "<group>";
		};
		8B55FB912CB9424300624B9B /* View */ = {
			isa = PBXGroup;
			children = (
				3497CFF42CA55A09005D79B7 /* Cell */,
			);
			path = View;
			sourceTree = "<group>";
		};
		8BD58E762CAD50FA00E28971 /* HealthData */ = {
			isa = PBXGroup;
			children = (
				8BD58E772CAD511100E28971 /* HealthModel.swift */,
				B12EF0CF2CF44F5600FE13F1 /* StepsModel.swift */,
				B12EF0D72CF4821100FE13F1 /* SleepModel.swift */,
				B12EF0D12CF4578B00FE13F1 /* HRVModel.swift */,
				B12EF0D32CF459A500FE13F1 /* RestingHeartModel.swift */,
				B12EF0D52CF45AC100FE13F1 /* ActiveEnergyModel.swift */,
				18C7BBB02D1D091E00E37AE4 /* RestingEnergyModel.swift */,
				18D1DB062D4800910073B7D3 /* MissingHealthDataModel.swift */,
				1895BEE12D7C0C20005CFAB3 /* MissingDatesModel.swift */,
			);
			path = HealthData;
			sourceTree = "<group>";
		};
/* End PBXGroup section */

/* Begin PBXNativeTarget section */
		340A44D22C9809B000CA3E23 /* Living-Centerline */ = {
			isa = PBXNativeTarget;
			buildConfigurationList = 340A44E72C9809B100CA3E23 /* Build configuration list for PBXNativeTarget "Living-Centerline" */;
			buildPhases = (
				28AF37263BB36635B45C619A /* [CP] Check Pods Manifest.lock */,
				340A44CF2C9809B000CA3E23 /* Sources */,
				340A44D02C9809B000CA3E23 /* Frameworks */,
				340A44D12C9809B000CA3E23 /* Resources */,
				349A454D2CA1416E00194F94 /* Embed Frameworks */,
			);
			buildRules = (
			);
			dependencies = (
			);
			fileSystemSynchronizedGroups = (
				18DBE8D52D118B2C0067B620 /* HealthSync */,
				B14E5E232CF6D22500080469 /* HealthSyncManager */,
			);
			name = "Living-Centerline";
			packageProductDependencies = (
				34751CB82CA2E61200B91584 /* IQKeyboardManagerSwift */,
				1895BECF2D796F0B005CFAB3 /* ProgressHUD */,
			);
			productName = "Living-Centerline";
			productReference = 340A44D32C9809B000CA3E23 /* Living-Centerline.app */;
			productType = "com.apple.product-type.application";
		};
/* End PBXNativeTarget section */

/* Begin PBXProject section */
		340A44CB2C9809B000CA3E23 /* Project object */ = {
			isa = PBXProject;
			attributes = {
				BuildIndependentTargetsInParallel = 1;
				LastSwiftUpdateCheck = 1310;
				LastUpgradeCheck = 1310;
				TargetAttributes = {
					340A44D22C9809B000CA3E23 = {
						CreatedOnToolsVersion = 13.1;
					};
				};
			};
			buildConfigurationList = 340A44CE2C9809B000CA3E23 /* Build configuration list for PBXProject "Living-Centerline" */;
			compatibilityVersion = "Xcode 13.0";
			developmentRegion = en;
			hasScannedForEncodings = 0;
			knownRegions = (
				en,
				Base,
			);
			mainGroup = 340A44CA2C9809B000CA3E23;
			packageReferences = (
				34751CB72CA2E61200B91584 /* XCRemoteSwiftPackageReference "IQKeyboardManager" */,
				1895BECE2D796F0B005CFAB3 /* XCRemoteSwiftPackageReference "ProgressHUD" */,
			);
			productRefGroup = 340A44D42C9809B000CA3E23 /* Products */;
			projectDirPath = "";
			projectRoot = "";
			targets = (
				340A44D22C9809B000CA3E23 /* Living-Centerline */,
			);
		};
/* End PBXProject section */

/* Begin PBXResourcesBuildPhase section */
		340A44D12C9809B000CA3E23 /* Resources */ = {
			isa = PBXResourcesBuildPhase;
			buildActionMask = 2147483647;
			files = (
				34BC88E52C98482C001AB686 /* SFPRODISPLAYMEDIUM.OTF in Resources */,
				34BC88E72C98482C001AB686 /* SFPRODISPLAYBLACKITALIC.OTF in Resources */,
				340A44E32C9809B100CA3E23 /* LaunchScreen.storyboard in Resources */,
				340A44E02C9809B100CA3E23 /* Assets.xcassets in Resources */,
				34E494782C9AF83800B84FDB /* HomeSC.storyboard in Resources */,
				34BC88E12C98482C001AB686 /* SFPRODISPLAYULTRALIGHTITALIC.OTF in Resources */,
				34BC88E22C98482C001AB686 /* SFPRODISPLAYREGULAR.OTF in Resources */,
				8B0977D92CBCF9D7004FC77A /* QuestionCell.xib in Resources */,
				34BC88E42C98482C001AB686 /* SFPRODISPLAYBOLD.OTF in Resources */,
				34BC88DF2C98482C001AB686 /* SFPRODISPLAYSEMIBOLDITALIC.OTF in Resources */,
				34BC88E32C98482C001AB686 /* SFPRODISPLAYHEAVYITALIC.OTF in Resources */,
				3497CFFA2CA55A44005D79B7 /* OptionsTableViewCell.xib in Resources */,
				340A44DE2C9809B000CA3E23 /* Main.storyboard in Resources */,
				34BC88E62C98482C001AB686 /* SFPRODISPLAYLIGHTITALIC.OTF in Resources */,
				34BC88E02C98482C001AB686 /* SFPRODISPLAYTHINITALIC.OTF in Resources */,
			);
			runOnlyForDeploymentPostprocessing = 0;
		};
/* End PBXResourcesBuildPhase section */

/* Begin PBXShellScriptBuildPhase section */
		28AF37263BB36635B45C619A /* [CP] Check Pods Manifest.lock */ = {
			isa = PBXShellScriptBuildPhase;
			buildActionMask = 2147483647;
			files = (
			);
			inputFileListPaths = (
			);
			inputPaths = (
			);
			name = "[CP] Check Pods Manifest.lock";
			outputFileListPaths = (
			);
			outputPaths = (
				"$(DERIVED_FILE_DIR)/Pods-Living-Centerline-checkManifestLockResult.txt",
			);
			runOnlyForDeploymentPostprocessing = 0;
			shellPath = /bin/sh;
			shellScript = "
";
			showEnvVarsInLog = 0;
		};
/* End PBXShellScriptBuildPhase section */

/* Begin PBXSourcesBuildPhase section */
		340A44CF2C9809B000CA3E23 /* Sources */ = {
			isa = PBXSourcesBuildPhase;
			buildActionMask = 2147483647;
			files = (
				8B13AED62CB7B8D8002D561C /* registervc code.swift in Sources */,
				18D1DB072D4800910073B7D3 /* MissingHealthDataModel.swift in Sources */,
				340A44F42C9813F600CA3E23 /* UITextField+Extensions.swift in Sources */,
				340AB6A32C9C52E2001CDFD2 /* LogInModel.swift in Sources */,
				340AB68E2C9BE5CC001CDFD2 /* SurveyQuizVC.swift in Sources */,
				3493C79C2CA51B5900FC8BE2 /* GetQuestionModel.swift in Sources */,
				3497CFF92CA55A44005D79B7 /* OptionsTableViewCell.swift in Sources */,
				340AB6912C9BF506001CDFD2 /* Constant.swift in Sources */,
				1868F2F72D683C7C0092118F /* LogManager.swift in Sources */,
				8B1FFA8D2CACF90D003EC440 /* HealthKitManager.swift in Sources */,
				18D1DB092D4800E30073B7D3 /* helperFunction.swift in Sources */,
				8B13AED12CB7B452002D561C /* homescreenvc code.swift in Sources */,
				18C7BBB12D1D091E00E37AE4 /* RestingEnergyModel.swift in Sources */,
				340A44DB2C9809B000CA3E23 /* LoginPageVC.swift in Sources */,
				341BF5EE2C9A8FAF00B1103E /* Validator.swift in Sources */,
				349A45532CA14FA000194F94 /* SetNewPasswordModel.swift in Sources */,
				8B55FB902CB9275300624B9B /* ActiveEnergyManager.swift in Sources */,
				34BC88D32C983459001AB686 /* RoundedView.swift in Sources */,
				34057F1E2CA1226D004513D3 /* SendOTPModel.swift in Sources */,
				B12EF0D42CF459A500FE13F1 /* RestingHeartModel.swift in Sources */,
				8B156F4A2CAEA21A000EB537 /* retrieveheartsample.swift in Sources */,
				34BC88D02C982871001AB686 /* ForgotPasswordVC.swift in Sources */,
				34E494712C9ACD5300B84FDB /* OTPVerificationVC.swift in Sources */,
				8B55FB892CB9255500624B9B /* HRVManager.swift in Sources */,
				340A44D72C9809B000CA3E23 /* AppDelegate.swift in Sources */,
				8BD58E782CAD511100E28971 /* HealthModel.swift in Sources */,
				8B0977D82CBCF9D7004FC77A /* QuestionCell.swift in Sources */,
				B12EF0D22CF4578B00FE13F1 /* HRVModel.swift in Sources */,
				8B13AEDA2CB7B941002D561C /* optverification code.swift in Sources */,
				8B13AECF2CB7B3AF002D561C /* healtkit manager code.swift in Sources */,
				34E494762C9AF81000B84FDB /* HomeScreenVC.swift in Sources */,
				8BB74DDB2CABFC7F00756D70 /* UiDate Formatter Extension.swift in Sources */,
				18C7BBAF2D1D08F400E37AE4 /* RestingEnergyManager.swift in Sources */,
				341BF5EA2C9A8F1F00B1103E /* UIView+Extensions..swift in Sources */,
				8B156F482CAEA1E0000EB537 /* helathDataRetrieval.swift in Sources */,
				347E1B5A2C9D561B00C64834 /* GetProfileModel.swift in Sources */,
				340AB6982C9BF78C001CDFD2 /* APIManager.swift in Sources */,
				3480BFE92CA1839F00809C70 /* SettingVC.swift in Sources */,
				B14E5DFE2CF6D06400080469 /* HealthSyncModel.xcdatamodeld in Sources */,
				8B29074C2CBE3BF3001BDDEF /* quizvc code.swift in Sources */,
				8B13AED82CB7B912002D561C /* forgotpassvc code.swift in Sources */,
				340AB69E2C9C083F001CDFD2 /* UIColor.swift in Sources */,
				340A44F02C98112900CA3E23 /* RegisterPageVC.swift in Sources */,
				340A44D92C9809B000CA3E23 /* SceneDelegate.swift in Sources */,
				34751CAD2CA2BD9700B91584 /* EditProfileModel.swift in Sources */,
				1895BEE22D7C0C20005CFAB3 /* MissingDatesModel.swift in Sources */,
				8B156F4C2CAEA8E5000EB537 /* TimeIntervalExtension.swift in Sources */,
				B12EF0D62CF45AC100FE13F1 /* ActiveEnergyModel.swift in Sources */,
				340AB6A02C9C2B70001CDFD2 /* NextSurveyVC.swift in Sources */,
				8B156F452CAE9628000EB537 /* UIVIewController Extension.swift in Sources */,
				B12EF0D82CF4821200FE13F1 /* SleepModel.swift in Sources */,
				8BD58E752CAD3CB300E28971 /* temp.swift in Sources */,
				8B55FB872CB9248F00624B9B /* SleepManager.swift in Sources */,
				345149042CAAD36B00E61752 /* GetAnswerModel.swift in Sources */,
				B12EF0D02CF44F5600FE13F1 /* StepsModel.swift in Sources */,
				8B55FB852CB9224D00624B9B /* StepsManager.swift in Sources */,
				34057F202CA13336004513D3 /* VerifyOTPModel.swift in Sources */,
				340AB6952C9BF68A001CDFD2 /* RegisterModel.swift in Sources */,
				8B55FB8B2CB925CA00624B9B /* RestingHeartManager.swift in Sources */,
				34E494732C9ADB3C00B84FDB /* ResetPasswordVC.swift in Sources */,
				18D2AB9E2D489E5900B57774 /* Array Extension.swift in Sources */,
				8B13AECD2CB7A117002D561C /* old api code.swift in Sources */,
				11B253772DD1FE3D0047BEFA /* Dictionary+Extensions.swift in Sources */,
			);
			runOnlyForDeploymentPostprocessing = 0;
		};
/* End PBXSourcesBuildPhase section */

/* Begin PBXVariantGroup section */
		340A44DC2C9809B000CA3E23 /* Main.storyboard */ = {
			isa = PBXVariantGroup;
			children = (
				340A44DD2C9809B000CA3E23 /* Base */,
			);
			name = Main.storyboard;
			sourceTree = "<group>";
		};
		340A44E12C9809B100CA3E23 /* LaunchScreen.storyboard */ = {
			isa = PBXVariantGroup;
			children = (
				340A44E22C9809B100CA3E23 /* Base */,
			);
			name = LaunchScreen.storyboard;
			sourceTree = "<group>";
		};
/* End PBXVariantGroup section */

/* Begin XCBuildConfiguration section */
		340A44E52C9809B100CA3E23 /* Debug */ = {
			isa = XCBuildConfiguration;
			buildSettings = {
				ALWAYS_SEARCH_USER_PATHS = NO;
				CLANG_ANALYZER_NONNULL = YES;
				CLANG_ANALYZER_NUMBER_OBJECT_CONVERSION = YES_AGGRESSIVE;
				CLANG_CXX_LANGUAGE_STANDARD = "gnu++17";
				CLANG_CXX_LIBRARY = "libc++";
				CLANG_ENABLE_MODULES = YES;
				CLANG_ENABLE_OBJC_ARC = YES;
				CLANG_ENABLE_OBJC_WEAK = YES;
				CLANG_WARN_BLOCK_CAPTURE_AUTORELEASING = YES;
				CLANG_WARN_BOOL_CONVERSION = YES;
				CLANG_WARN_COMMA = YES;
				CLANG_WARN_CONSTANT_CONVERSION = YES;
				CLANG_WARN_DEPRECATED_OBJC_IMPLEMENTATIONS = YES;
				CLANG_WARN_DIRECT_OBJC_ISA_USAGE = YES_ERROR;
				CLANG_WARN_DOCUMENTATION_COMMENTS = YES;
				CLANG_WARN_EMPTY_BODY = YES;
				CLANG_WARN_ENUM_CONVERSION = YES;
				CLANG_WARN_INFINITE_RECURSION = YES;
				CLANG_WARN_INT_CONVERSION = YES;
				CLANG_WARN_NON_LITERAL_NULL_CONVERSION = YES;
				CLANG_WARN_OBJC_IMPLICIT_RETAIN_SELF = YES;
				CLANG_WARN_OBJC_LITERAL_CONVERSION = YES;
				CLANG_WARN_OBJC_ROOT_CLASS = YES_ERROR;
				CLANG_WARN_QUOTED_INCLUDE_IN_FRAMEWORK_HEADER = YES;
				CLANG_WARN_RANGE_LOOP_ANALYSIS = YES;
				CLANG_WARN_STRICT_PROTOTYPES = YES;
				CLANG_WARN_SUSPICIOUS_MOVE = YES;
				CLANG_WARN_UNGUARDED_AVAILABILITY = YES_AGGRESSIVE;
				CLANG_WARN_UNREACHABLE_CODE = YES;
				CLANG_WARN__DUPLICATE_METHOD_MATCH = YES;
				COPY_PHASE_STRIP = NO;
				DEBUG_INFORMATION_FORMAT = dwarf;
				ENABLE_STRICT_OBJC_MSGSEND = YES;
				ENABLE_TESTABILITY = YES;
				GCC_C_LANGUAGE_STANDARD = gnu11;
				GCC_DYNAMIC_NO_PIC = NO;
				GCC_NO_COMMON_BLOCKS = YES;
				GCC_OPTIMIZATION_LEVEL = 0;
				GCC_PREPROCESSOR_DEFINITIONS = (
					"DEBUG=1",
					"$(inherited)",
				);
				GCC_WARN_64_TO_32_BIT_CONVERSION = YES;
				GCC_WARN_ABOUT_RETURN_TYPE = YES_ERROR;
				GCC_WARN_UNDECLARED_SELECTOR = YES;
				GCC_WARN_UNINITIALIZED_AUTOS = YES_AGGRESSIVE;
				GCC_WARN_UNUSED_FUNCTION = YES;
				GCC_WARN_UNUSED_VARIABLE = YES;
				IPHONEOS_DEPLOYMENT_TARGET = 15.0;
				MTL_ENABLE_DEBUG_INFO = INCLUDE_SOURCE;
				MTL_FAST_MATH = YES;
				ONLY_ACTIVE_ARCH = YES;
				SDKROOT = iphoneos;
				SWIFT_ACTIVE_COMPILATION_CONDITIONS = DEBUG;
				SWIFT_OPTIMIZATION_LEVEL = "-Onone";
			};
			name = Debug;
		};
		34F000012E00000000000001 /* Screenshot */ = {
			isa = XCBuildConfiguration;
			buildSettings = {
				ALWAYS_SEARCH_USER_PATHS = NO;
				CLANG_ANALYZER_NONNULL = YES;
				CLANG_ANALYZER_NUMBER_OBJECT_CONVERSION = YES_AGGRESSIVE;
				CLANG_CXX_LANGUAGE_STANDARD = "gnu++17";
				CLANG_CXX_LIBRARY = "libc++";
				CLANG_ENABLE_MODULES = YES;
				CLANG_ENABLE_OBJC_ARC = YES;
				CLANG_ENABLE_OBJC_WEAK = YES;
				CLANG_WARN_BLOCK_CAPTURE_AUTORELEASING = YES;
				CLANG_WARN_BOOL_CONVERSION = YES;
				CLANG_WARN_COMMA = YES;
				CLANG_WARN_CONSTANT_CONVERSION = YES;
				CLANG_WARN_DEPRECATED_OBJC_IMPLEMENTATIONS = YES;
				CLANG_WARN_DIRECT_OBJC_ISA_USAGE = YES_ERROR;
				CLANG_WARN_DOCUMENTATION_COMMENTS = YES;
				CLANG_WARN_EMPTY_BODY = YES;
				CLANG_WARN_ENUM_CONVERSION = YES;
				CLANG_WARN_INFINITE_RECURSION = YES;
				CLANG_WARN_INT_CONVERSION = YES;
				CLANG_WARN_NON_LITERAL_NULL_CONVERSION = YES;
				CLANG_WARN_OBJC_IMPLICIT_RETAIN_SELF = YES;
				CLANG_WARN_OBJC_LITERAL_CONVERSION = YES;
				CLANG_WARN_OBJC_ROOT_CLASS = YES_ERROR;
				CLANG_WARN_QUOTED_INCLUDE_IN_FRAMEWORK_HEADER = YES;
				CLANG_WARN_RANGE_LOOP_ANALYSIS = YES;
				CLANG_WARN_STRICT_PROTOTYPES = YES;
				CLANG_WARN_SUSPICIOUS_MOVE = YES;
				CLANG_WARN_UNGUARDED_AVAILABILITY = YES_AGGRESSIVE;
				CLANG_WARN_UNREACHABLE_CODE = YES;
				CLANG_WARN__DUPLICATE_METHOD_MATCH = YES;
				COPY_PHASE_STRIP = NO;
				DEBUG_INFORMATION_FORMAT = dwarf;
				ENABLE_STRICT_OBJC_MSGSEND = YES;
				ENABLE_TESTABILITY = YES;
				GCC_C_LANGUAGE_STANDARD = gnu11;
				GCC_DYNAMIC_NO_PIC = NO;
				GCC_NO_COMMON_BLOCKS = YES;
				GCC_OPTIMIZATION_LEVEL = 0;
				GCC_PREPROCESSOR_DEFINITIONS = (
					"DEBUG=1",
					"$(inherited)",
				);
				GCC_WARN_64_TO_32_BIT_CONVERSION = YES;
				GCC_WARN_ABOUT_RETURN_TYPE = YES_ERROR;
				GCC_WARN_UNDECLARED_SELECTOR = YES;
				GCC_WARN_UNINITIALIZED_AUTOS = YES_AGGRESSIVE;
				GCC_WARN_UNUSED_FUNCTION = YES;
				GCC_WARN_UNUSED_VARIABLE = YES;
				IPHONEOS_DEPLOYMENT_TARGET = 15.0;
				MTL_ENABLE_DEBUG_INFO = INCLUDE_SOURCE;
				MTL_FAST_MATH = YES;
				ONLY_ACTIVE_ARCH = YES;
				SDKROOT = iphoneos;
				SWIFT_ACTIVE_COMPILATION_CONDITIONS = "DEBUG SCREENSHOT_FIXTURES";
				SWIFT_OPTIMIZATION_LEVEL = "-Onone";
			};
			name = Screenshot;
		};
		340A44E62C9809B100CA3E23 /* Release */ = {
			isa = XCBuildConfiguration;
			buildSettings = {
				ALWAYS_SEARCH_USER_PATHS = NO;
				CLANG_ANALYZER_NONNULL = YES;
				CLANG_ANALYZER_NUMBER_OBJECT_CONVERSION = YES_AGGRESSIVE;
				CLANG_CXX_LANGUAGE_STANDARD = "gnu++17";
				CLANG_CXX_LIBRARY = "libc++";
				CLANG_ENABLE_MODULES = YES;
				CLANG_ENABLE_OBJC_ARC = YES;
				CLANG_ENABLE_OBJC_WEAK = YES;
				CLANG_WARN_BLOCK_CAPTURE_AUTORELEASING = YES;
				CLANG_WARN_BOOL_CONVERSION = YES;
				CLANG_WARN_COMMA = YES;
				CLANG_WARN_CONSTANT_CONVERSION = YES;
				CLANG_WARN_DEPRECATED_OBJC_IMPLEMENTATIONS = YES;
				CLANG_WARN_DIRECT_OBJC_ISA_USAGE = YES_ERROR;
				CLANG_WARN_DOCUMENTATION_COMMENTS = YES;
				CLANG_WARN_EMPTY_BODY = YES;
				CLANG_WARN_ENUM_CONVERSION = YES;
				CLANG_WARN_INFINITE_RECURSION = YES;
				CLANG_WARN_INT_CONVERSION = YES;
				CLANG_WARN_NON_LITERAL_NULL_CONVERSION = YES;
				CLANG_WARN_OBJC_IMPLICIT_RETAIN_SELF = YES;
				CLANG_WARN_OBJC_LITERAL_CONVERSION = YES;
				CLANG_WARN_OBJC_ROOT_CLASS = YES_ERROR;
				CLANG_WARN_QUOTED_INCLUDE_IN_FRAMEWORK_HEADER = YES;
				CLANG_WARN_RANGE_LOOP_ANALYSIS = YES;
				CLANG_WARN_STRICT_PROTOTYPES = YES;
				CLANG_WARN_SUSPICIOUS_MOVE = YES;
				CLANG_WARN_UNGUARDED_AVAILABILITY = YES_AGGRESSIVE;
				CLANG_WARN_UNREACHABLE_CODE = YES;
				CLANG_WARN__DUPLICATE_METHOD_MATCH = YES;
				COPY_PHASE_STRIP = NO;
				DEBUG_INFORMATION_FORMAT = "dwarf-with-dsym";
				ENABLE_NS_ASSERTIONS = NO;
				ENABLE_STRICT_OBJC_MSGSEND = YES;
				GCC_C_LANGUAGE_STANDARD = gnu11;
				GCC_NO_COMMON_BLOCKS = YES;
				GCC_WARN_64_TO_32_BIT_CONVERSION = YES;
				GCC_WARN_ABOUT_RETURN_TYPE = YES_ERROR;
				GCC_WARN_UNDECLARED_SELECTOR = YES;
				GCC_WARN_UNINITIALIZED_AUTOS = YES_AGGRESSIVE;
				GCC_WARN_UNUSED_FUNCTION = YES;
				GCC_WARN_UNUSED_VARIABLE = YES;
				IPHONEOS_DEPLOYMENT_TARGET = 15.0;
				MTL_ENABLE_DEBUG_INFO = NO;
				MTL_FAST_MATH = YES;
				SDKROOT = iphoneos;
				SWIFT_COMPILATION_MODE = wholemodule;
				SWIFT_OPTIMIZATION_LEVEL = "-O";
				VALIDATE_PRODUCT = YES;
			};
			name = Release;
		};
		340A44E82C9809B100CA3E23 /* Debug */ = {
			isa = XCBuildConfiguration;
			buildSettings = {
				ASSETCATALOG_COMPILER_APPICON_NAME = AppIcon;
				ASSETCATALOG_COMPILER_GLOBAL_ACCENT_COLOR_NAME = AccentColor;
				CODE_SIGN_ENTITLEMENTS = "Living-Centerline/Living-Centerline.entitlements";
				CODE_SIGN_IDENTITY = "Apple Development";
				CODE_SIGN_STYLE = Automatic;
				CURRENT_PROJECT_VERSION = 29;
				DEVELOPMENT_TEAM = ZXVDFU2WXR;
				GENERATE_INFOPLIST_FILE = YES;
				INFOPLIST_FILE = "Living-Centerline/Info.plist";
				INFOPLIST_KEY_NSHealthClinicalHealthRecordsShareUsageDescription = "My app needs to update health data";
				INFOPLIST_KEY_NSHealthShareUsageDescription = "Your app needs to read health data.";
				INFOPLIST_KEY_NSHealthUpdateUsageDescription = "My app needs to update health data";
				INFOPLIST_KEY_UIApplicationSupportsIndirectInputEvents = YES;
				INFOPLIST_KEY_UILaunchStoryboardName = LaunchScreen;
				INFOPLIST_KEY_UIMainStoryboardFile = Main;
				INFOPLIST_KEY_UISupportedInterfaceOrientations = UIInterfaceOrientationPortrait;
				INFOPLIST_KEY_UISupportedInterfaceOrientations_iPad = "UIInterfaceOrientationLandscapeLeft UIInterfaceOrientationLandscapeRight UIInterfaceOrientationPortrait UIInterfaceOrientationPortraitUpsideDown";
				LD_RUNPATH_SEARCH_PATHS = (
					"$(inherited)",
					"@executable_path/Frameworks",
				);
				MARKETING_VERSION = 1.0;
				PRODUCT_BUNDLE_IDENTIFIER = com.looseimpediment.CenterLine;
				PRODUCT_NAME = "$(TARGET_NAME)";
				PROVISIONING_PROFILE_SPECIFIER = "";
				SUPPORTED_PLATFORMS = "iphoneos iphonesimulator";
				SUPPORTS_MACCATALYST = NO;
				SUPPORTS_MAC_DESIGNED_FOR_IPHONE_IPAD = NO;
				SUPPORTS_XR_DESIGNED_FOR_IPHONE_IPAD = NO;
				SWIFT_EMIT_LOC_STRINGS = YES;
				SWIFT_VERSION = 5.0;
				TARGETED_DEVICE_FAMILY = 1;
			};
			name = Debug;
		};
		34F000022E00000000000002 /* Screenshot */ = {
			isa = XCBuildConfiguration;
			buildSettings = {
				ASSETCATALOG_COMPILER_APPICON_NAME = AppIcon;
				ASSETCATALOG_COMPILER_GLOBAL_ACCENT_COLOR_NAME = AccentColor;
				CODE_SIGN_ENTITLEMENTS = "Living-Centerline/Living-Centerline.entitlements";
				CODE_SIGN_IDENTITY = "Apple Development";
				CODE_SIGN_STYLE = Automatic;
				CURRENT_PROJECT_VERSION = 29;
				DEVELOPMENT_TEAM = ZXVDFU2WXR;
				GENERATE_INFOPLIST_FILE = YES;
				INFOPLIST_FILE = "Living-Centerline/Info.plist";
				INFOPLIST_KEY_NSHealthClinicalHealthRecordsShareUsageDescription = "My app needs to update health data";
				INFOPLIST_KEY_NSHealthShareUsageDescription = "Your app needs to read health data.";
				INFOPLIST_KEY_NSHealthUpdateUsageDescription = "My app needs to update health data";
				INFOPLIST_KEY_UIApplicationSupportsIndirectInputEvents = YES;
				INFOPLIST_KEY_UILaunchStoryboardName = LaunchScreen;
				INFOPLIST_KEY_UIMainStoryboardFile = Main;
				INFOPLIST_KEY_UISupportedInterfaceOrientations = UIInterfaceOrientationPortrait;
				INFOPLIST_KEY_UISupportedInterfaceOrientations_iPad = "UIInterfaceOrientationLandscapeLeft UIInterfaceOrientationLandscapeRight UIInterfaceOrientationPortrait UIInterfaceOrientationPortraitUpsideDown";
				LD_RUNPATH_SEARCH_PATHS = (
					"$(inherited)",
					"@executable_path/Frameworks",
				);
				MARKETING_VERSION = 1.0;
				PRODUCT_BUNDLE_IDENTIFIER = com.looseimpediment.CenterLine;
				PRODUCT_NAME = "$(TARGET_NAME)";
				PROVISIONING_PROFILE_SPECIFIER = "";
				SUPPORTED_PLATFORMS = "iphoneos iphonesimulator";
				SUPPORTS_MACCATALYST = NO;
				SUPPORTS_MAC_DESIGNED_FOR_IPHONE_IPAD = NO;
				SUPPORTS_XR_DESIGNED_FOR_IPHONE_IPAD = NO;
				SWIFT_ACTIVE_COMPILATION_CONDITIONS = "DEBUG SCREENSHOT_FIXTURES";
				SWIFT_EMIT_LOC_STRINGS = YES;
				SWIFT_VERSION = 5.0;
				TARGETED_DEVICE_FAMILY = 1;
			};
			name = Screenshot;
		};
		340A44E92C9809B100CA3E23 /* Release */ = {
			isa = XCBuildConfiguration;
			buildSettings = {
				ASSETCATALOG_COMPILER_APPICON_NAME = AppIcon;
				ASSETCATALOG_COMPILER_GLOBAL_ACCENT_COLOR_NAME = AccentColor;
				CODE_SIGN_ENTITLEMENTS = "Living-Centerline/Living-Centerline.entitlements";
				CODE_SIGN_IDENTITY = "Apple Development";
				CODE_SIGN_STYLE = Automatic;
				CURRENT_PROJECT_VERSION = 29;
				DEVELOPMENT_TEAM = ZXVDFU2WXR;
				GENERATE_INFOPLIST_FILE = YES;
				INFOPLIST_FILE = "Living-Centerline/Info.plist";
				INFOPLIST_KEY_NSHealthClinicalHealthRecordsShareUsageDescription = "My app needs to update health data";
				INFOPLIST_KEY_NSHealthShareUsageDescription = "Your app needs to read health data.";
				INFOPLIST_KEY_NSHealthUpdateUsageDescription = "My app needs to update health data";
				INFOPLIST_KEY_UIApplicationSupportsIndirectInputEvents = YES;
				INFOPLIST_KEY_UILaunchStoryboardName = LaunchScreen;
				INFOPLIST_KEY_UIMainStoryboardFile = Main;
				INFOPLIST_KEY_UISupportedInterfaceOrientations = UIInterfaceOrientationPortrait;
				INFOPLIST_KEY_UISupportedInterfaceOrientations_iPad = "UIInterfaceOrientationLandscapeLeft UIInterfaceOrientationLandscapeRight UIInterfaceOrientationPortrait UIInterfaceOrientationPortraitUpsideDown";
				LD_RUNPATH_SEARCH_PATHS = (
					"$(inherited)",
					"@executable_path/Frameworks",
				);
				MARKETING_VERSION = 1.0;
				PRODUCT_BUNDLE_IDENTIFIER = com.looseimpediment.CenterLine;
				PRODUCT_NAME = "$(TARGET_NAME)";
				PROVISIONING_PROFILE_SPECIFIER = "";
				SUPPORTED_PLATFORMS = "iphoneos iphonesimulator";
				SUPPORTS_MACCATALYST = NO;
				SUPPORTS_MAC_DESIGNED_FOR_IPHONE_IPAD = NO;
				SUPPORTS_XR_DESIGNED_FOR_IPHONE_IPAD = NO;
				SWIFT_EMIT_LOC_STRINGS = YES;
				SWIFT_VERSION = 5.0;
				TARGETED_DEVICE_FAMILY = 1;
			};
			name = Release;
		};
/* End XCBuildConfiguration section */

/* Begin XCConfigurationList section */
		340A44CE2C9809B000CA3E23 /* Build configuration list for PBXProject "Living-Centerline" */ = {
			isa = XCConfigurationList;
			buildConfigurations = (
				340A44E52C9809B100CA3E23 /* Debug */,
				34F000012E00000000000001 /* Screenshot */,
				340A44E62C9809B100CA3E23 /* Release */,
			);
			defaultConfigurationIsVisible = 0;
			defaultConfigurationName = Release;
		};
		340A44E72C9809B100CA3E23 /* Build configuration list for PBXNativeTarget "Living-Centerline" */ = {
			isa = XCConfigurationList;
			buildConfigurations = (
				340A44E82C9809B100CA3E23 /* Debug */,
				34F000022E00000000000002 /* Screenshot */,
				340A44E92C9809B100CA3E23 /* Release */,
			);
			defaultConfigurationIsVisible = 0;
			defaultConfigurationName = Release;
		};
/* End XCConfigurationList section */

/* Begin XCRemoteSwiftPackageReference section */
		1895BECE2D796F0B005CFAB3 /* XCRemoteSwiftPackageReference "ProgressHUD" */ = {
			isa = XCRemoteSwiftPackageReference;
			repositoryURL = "https://github.com/relatedcode/ProgressHUD";
			requirement = {
				kind = upToNextMajorVersion;
				minimumVersion = 14.1.3;
			};
		};
		34751CB72CA2E61200B91584 /* XCRemoteSwiftPackageReference "IQKeyboardManager" */ = {
			isa = XCRemoteSwiftPackageReference;
			repositoryURL = "https://github.com/hackiftekhar/IQKeyboardManager.git";
			requirement = {
				kind = upToNextMajorVersion;
				minimumVersion = 6.5.0;
			};
		};
/* End XCRemoteSwiftPackageReference section */

/* Begin XCSwiftPackageProductDependency section */
		1895BECF2D796F0B005CFAB3 /* ProgressHUD */ = {
			isa = XCSwiftPackageProductDependency;
			package = 1895BECE2D796F0B005CFAB3 /* XCRemoteSwiftPackageReference "ProgressHUD" */;
			productName = ProgressHUD;
		};
		34751CB82CA2E61200B91584 /* IQKeyboardManagerSwift */ = {
			isa = XCSwiftPackageProductDependency;
			package = 34751CB72CA2E61200B91584 /* XCRemoteSwiftPackageReference "IQKeyboardManager" */;
			productName = IQKeyboardManagerSwift;
		};
/* End XCSwiftPackageProductDependency section */

/* Begin XCVersionGroup section */
		B14E5DFC2CF6D06400080469 /* HealthSyncModel.xcdatamodeld */ = {
			isa = XCVersionGroup;
			children = (
				B14E5DFD2CF6D06400080469 /* HealthSyncModel.xcdatamodel */,
			);
			currentVersion = B14E5DFD2CF6D06400080469 /* HealthSyncModel.xcdatamodel */;
			path = HealthSyncModel.xcdatamodeld;
			sourceTree = "<group>";
			versionGroupType = wrapper.xcdatamodel;
		};
/* End XCVersionGroup section */
	};
	rootObject = 340A44CB2C9809B000CA3E23 /* Project object */;
}
